# This file is automatically @generated by Cargo.
# It is not intended for manual editing.
version = 3

[[package]]
name = "chip8-pico"
version = "0.1.0"
dependencies = [
 "chip8_core",
]

[[package]]
name = "chip8_core"
version = "0.1.1"
source = "registry+https://github.com/rust-lang/crates.io-index"
checksum = "c7aa102f321a4fcfa6e9318ed4281f649db41d1fe4709ed3706aeefea64321a2"
dependencies = [
 "nanorand",
]

[[package]]
name = "nanorand"
version = "0.7.0"
source = "registry+https://github.com/rust-lang/crates.io-index"
checksum = "6a51313c5820b0b02bd422f4b44776fbf47961755c74ce64afc73bfad10226c3"
